
Microsoft Visual Studio Solution File, Format Version 12.00
# Visual Studio Version 17
VisualStudioVersion = 17.7.34009.444
MinimumVisualStudioVersion = 10.0.40219.1
Project("{9A19103F-16F7-4668-BE54-9A1E7A4F7556}") = "WalletKata", "WalletKata\WalletKata.csproj", "{1173CA30-964A-478F-BB79-1D47DCE7080A}"
EndProject
Project("{FAE04EC0-301F-11D3-BF4B-00C04F79EFBC}") = "WalletKataTest", "WalletKataTest\WalletKataTest.csproj", "{85161F5E-2DD4-462E-9A5A-0A068476B7D5}"
EndProject
Global
	GlobalSection(SolutionConfigurationPlatforms) = preSolution
		Debug|Any CPU = Debug|Any CPU
		Release|Any CPU = Release|Any CPU
	EndGlobalSection
	GlobalSection(ProjectConfigurationPlatforms) = postSolution
		{1173CA30-964A-478F-BB79-1D47DCE7080A}.Debug|Any CPU.ActiveCfg = Debug|Any CPU
		{1173CA30-964A-478F-BB79-1D47DCE7080A}.Debug|Any CPU.Build.0 = Debug|Any CPU
		{1173CA30-964A-478F-BB79-1D47DCE7080A}.Release|Any CPU.ActiveCfg = Release|Any CPU
		{1173CA30-964A-478F-BB79-1D47DCE7080A}.Release|Any CPU.Build.0 = Release|Any CPU
		{85161F5E-2DD4-462E-9A5A-0A068476B7D5}.Debug|Any CPU.ActiveCfg = Debug|Any CPU
		{85161F5E-2DD4-462E-9A5A-0A068476B7D5}.Debug|Any CPU.Build.0 = Debug|Any CPU
		{85161F5E-2DD4-462E-9A5A-0A068476B7D5}.Release|Any CPU.ActiveCfg = Release|Any CPU
		{85161F5E-2DD4-462E-9A5A-0A068476B7D5}.Release|Any CPU.Build.0 = Release|Any CPU
	EndGlobalSection
	GlobalSection(SolutionProperties) = preSolution
		HideSolutionNode = FALSE
	EndGlobalSection
	GlobalSection(ExtensibilityGlobals) = postSolution
		SolutionGuid = {869C2DD2-AF9F-4440-8EAA-578548981022}
	EndGlobalSection
EndGlobal
